
Microsoft Visual Studio Solution File, Format Version 12.00
# Visual Studio 15
VisualStudioVersion = 15.0.28010.2036
MinimumVisualStudioVersion = 10.0.40219.1
Project("{FAE04EC0-301F-11D3-BF4B-00C04F79EFBC}") = "Cw3", "Cw3\Cw3.csproj", "{06EFC8FD-2B07-4260-A5E0-6320A38DEA6F}"
EndProject
Global
	GlobalSection(SolutionConfigurationPlatforms) = preSolution
		Debug|Any CPU = Debug|Any CPU
		Release|Any CPU = Release|Any CPU
	EndGlobalSection
	GlobalSection(ProjectConfigurationPlatforms) = postSolution
		{06EFC8FD-2B07-4260-A5E0-6320A38DEA6F}.Debug|Any CPU.ActiveCfg = Debug|Any CPU
		{06EFC8FD-2B07-4260-A5E0-6320A38DEA6F}.Debug|Any CPU.Build.0 = Debug|Any CPU
		{06EFC8FD-2B07-4260-A5E0-6320A38DEA6F}.Release|Any CPU.ActiveCfg = Release|Any CPU
		{06EFC8FD-2B07-4260-A5E0-6320A38DEA6F}.Release|Any CPU.Build.0 = Release|Any CPU
	EndGlobalSection
	GlobalSection(SolutionProperties) = preSolution
		HideSolutionNode = FALSE
	EndGlobalSection
	GlobalSection(ExtensibilityGlobals) = postSolution
		SolutionGuid = {12FF7EE9-A11B-48FE-A478-896349A7BF90}
	EndGlobalSection
EndGlobal
