
Microsoft Visual Studio Solution File, Format Version 12.00
# Visual Studio 15
VisualStudioVersion = 15.0.28010.2036
MinimumVisualStudioVersion = 10.0.40219.1
Project("{FAE04EC0-301F-11D3-BF4B-00C04F79EFBC}") = "Cw3framework", "Cw3framework\Cw3framework.csproj", "{E016BF06-66CF-4F29-A2AF-E0ECCAAFEEB5}"
EndProject
Global
	GlobalSection(SolutionConfigurationPlatforms) = preSolution
		Debug|Any CPU = Debug|Any CPU
		Release|Any CPU = Release|Any CPU
	EndGlobalSection
	GlobalSection(ProjectConfigurationPlatforms) = postSolution
		{E016BF06-66CF-4F29-A2AF-E0ECCAAFEEB5}.Debug|Any CPU.ActiveCfg = Debug|Any CPU
		{E016BF06-66CF-4F29-A2AF-E0ECCAAFEEB5}.Debug|Any CPU.Build.0 = Debug|Any CPU
		{E016BF06-66CF-4F29-A2AF-E0ECCAAFEEB5}.Release|Any CPU.ActiveCfg = Release|Any CPU
		{E016BF06-66CF-4F29-A2AF-E0ECCAAFEEB5}.Release|Any CPU.Build.0 = Release|Any CPU
	EndGlobalSection
	GlobalSection(SolutionProperties) = preSolution
		HideSolutionNode = FALSE
	EndGlobalSection
	GlobalSection(ExtensibilityGlobals) = postSolution
		SolutionGuid = {5055E8AB-0627-4BBA-A0E7-B130FAA0E8AA}
	EndGlobalSection
EndGlobal
